
Microsoft Visual Studio Solution File, Format Version 12.00
# Visual Studio 15
VisualStudioVersion = 15.0.28010.0
MinimumVisualStudioVersion = 10.0.40219.1
Project("{888888A0-9F3D-457C-B088-3A5042F75D52}") = "srp_validation", "srp_shadow_validation\srp_validation.pyproj", "{42883CE3-136C-4A42-A1E2-B3A0228AFD9A}"
EndProject
Global
	GlobalSection(SolutionConfigurationPlatforms) = preSolution
		Debug|Any CPU = Debug|Any CPU
		Release|Any CPU = Release|Any CPU
	EndGlobalSection
	GlobalSection(ProjectConfigurationPlatforms) = postSolution
		{42883CE3-136C-4A42-A1E2-B3A0228AFD9A}.Debug|Any CPU.ActiveCfg = Debug|Any CPU
		{42883CE3-136C-4A42-A1E2-B3A0228AFD9A}.Release|Any CPU.ActiveCfg = Release|Any CPU
	EndGlobalSection
	GlobalSection(SolutionProperties) = preSolution
		HideSolutionNode = FALSE
	EndGlobalSection
	GlobalSection(ExtensibilityGlobals) = postSolution
		SolutionGuid = {2C93A3DE-84D4-4158-A936-6B4A38C598FC}
	EndGlobalSection
EndGlobal
