
Microsoft Visual Studio Solution File, Format Version 12.00
# Visual Studio 15
VisualStudioVersion = 15.0.28010.0
MinimumVisualStudioVersion = 10.0.40219.1
Project("{888888A0-9F3D-457C-B088-3A5042F75D52}") = "patched_conic_flyby_validation", "patched_conic_flyby_validation\patched_conic_flyby_validation.pyproj", "{E8FCC056-7563-4BC1-84B0-56992FCC2B8B}"
EndProject
Global
	GlobalSection(SolutionConfigurationPlatforms) = preSolution
		Debug|Any CPU = Debug|Any CPU
		Release|Any CPU = Release|Any CPU
	EndGlobalSection
	GlobalSection(ProjectConfigurationPlatforms) = postSolution
		{E8FCC056-7563-4BC1-84B0-56992FCC2B8B}.Debug|Any CPU.ActiveCfg = Debug|Any CPU
		{E8FCC056-7563-4BC1-84B0-56992FCC2B8B}.Release|Any CPU.ActiveCfg = Release|Any CPU
	EndGlobalSection
	GlobalSection(SolutionProperties) = preSolution
		HideSolutionNode = FALSE
	EndGlobalSection
	GlobalSection(ExtensibilityGlobals) = postSolution
		SolutionGuid = {2C65C723-025B-44B9-B19B-38AB6E2ABA2B}
	EndGlobalSection
EndGlobal
