
Microsoft Visual Studio Solution File, Format Version 12.00
# Visual Studio 15
VisualStudioVersion = 15.0.28010.0
MinimumVisualStudioVersion = 10.0.40219.1
Project("{888888A0-9F3D-457C-B088-3A5042F75D52}") = "n_body_gravity_validation", "n_body_gravity_validation\n_body_gravity_validation.pyproj", "{9FD5A748-FF43-429E-82CD-962D72A11434}"
EndProject
Global
	GlobalSection(SolutionConfigurationPlatforms) = preSolution
		Debug|Any CPU = Debug|Any CPU
		Release|Any CPU = Release|Any CPU
	EndGlobalSection
	GlobalSection(ProjectConfigurationPlatforms) = postSolution
		{9FD5A748-FF43-429E-82CD-962D72A11434}.Debug|Any CPU.ActiveCfg = Debug|Any CPU
		{9FD5A748-FF43-429E-82CD-962D72A11434}.Release|Any CPU.ActiveCfg = Release|Any CPU
	EndGlobalSection
	GlobalSection(SolutionProperties) = preSolution
		HideSolutionNode = FALSE
	EndGlobalSection
	GlobalSection(ExtensibilityGlobals) = postSolution
		SolutionGuid = {751E466D-D80D-478D-95F1-886AD7DB9B94}
	EndGlobalSection
EndGlobal
